
Microsoft Visual Studio Solution File, Format Version 12.00
# Visual Studio 15
VisualStudioVersion = 15.0.27703.2047
MinimumVisualStudioVersion = 10.0.40219.1
Project("{FAE04EC0-301F-11D3-BF4B-00C04F79EFBC}") = "NotificationDemoWPF", "NotificationDemoWPF\NotificationDemoWPF.csproj", "{7A45EA6C-24DA-49B6-B5D2-60DBEE807346}"
EndProject
Global
	GlobalSection(SolutionConfigurationPlatforms) = preSolution
		Debug|Any CPU = Debug|Any CPU
		Release|Any CPU = Release|Any CPU
	EndGlobalSection
	GlobalSection(ProjectConfigurationPlatforms) = postSolution
		{7A45EA6C-24DA-49B6-B5D2-60DBEE807346}.Debug|Any CPU.ActiveCfg = Debug|Any CPU
		{7A45EA6C-24DA-49B6-B5D2-60DBEE807346}.Debug|Any CPU.Build.0 = Debug|Any CPU
		{7A45EA6C-24DA-49B6-B5D2-60DBEE807346}.Release|Any CPU.ActiveCfg = Release|Any CPU
		{7A45EA6C-24DA-49B6-B5D2-60DBEE807346}.Release|Any CPU.Build.0 = Release|Any CPU
	EndGlobalSection
	GlobalSection(SolutionProperties) = preSolution
		HideSolutionNode = FALSE
	EndGlobalSection
	GlobalSection(ExtensibilityGlobals) = postSolution
		SolutionGuid = {08044A4D-3A97-429F-9291-74B910D23A4A}
	EndGlobalSection
EndGlobal
